{
  "version": 4,
  "terraform_version": "1.5.5",
  "serial": 11,
  "lineage": "e8e6147b-5691-d256-24b5-cc4725bd0d75",
  "outputs": {},
  "resources": [
    {
      "mode": "managed",
      "type": "databricks_job",
      "name": "databricks_bundle_job",
      "provider": "provider[\"registry.terraform.io/databricks/databricks\"]",
      "instances": [
        {
          "schema_version": 2,
          "attributes": {
            "always_running": false,
            "compute": [],
            "continuous": [],
            "control_run_state": false,
            "dbt_task": [],
            "deployment": [
              {
                "kind": "BUNDLE",
                "metadata_file_path": "/Users/meera.karimpinakuzhiyil@wuerth-it.com/.bundle/databricks_bundle/dev/state/metadata.json"
              }
            ],
            "description": null,
            "edit_mode": "UI_LOCKED",
            "email_notifications": [
              {
                "no_alert_for_skipped_runs": false,
                "on_duration_warning_threshold_exceeded": null,
                "on_failure": [
                  "meera.karimpinakuzhiyil@wuerth-it.com"
                ],
                "on_start": null,
                "on_success": null
              }
            ],
            "existing_cluster_id": null,
            "format": "MULTI_TASK",
            "git_source": [],
            "health": [],
            "id": "1046344172751693",
            "job_cluster": [
              {
                "job_cluster_key": "job_cluster",
                "new_cluster": [
                  {
                    "apply_policy_default_values": false,
                    "autoscale": [
                      {
                        "max_workers": 4,
                        "min_workers": 1
                      }
                    ],
                    "autotermination_minutes": 0,
                    "aws_attributes": [
                      {
                        "availability": "SPOT_WITH_FALLBACK",
                        "ebs_volume_count": 0,
                        "ebs_volume_size": 0,
                        "ebs_volume_type": "",
                        "first_on_demand": 0,
                        "instance_profile_arn": "",
                        "spot_bid_price_percent": 0,
                        "zone_id": "eu-central-1a"
                      }
                    ],
                    "azure_attributes": [],
                    "cluster_id": "",
                    "cluster_log_conf": [],
                    "cluster_mount_info": [],
                    "cluster_name": "",
                    "custom_tags": null,
                    "data_security_mode": "SINGLE_USER",
                    "docker_image": [],
                    "driver_instance_pool_id": "",
                    "driver_node_type_id": "",
                    "enable_elastic_disk": false,
                    "enable_local_disk_encryption": false,
                    "gcp_attributes": [],
                    "idempotency_token": "",
                    "init_scripts": [],
                    "instance_pool_id": "",
                    "node_type_id": "i3.xlarge",
                    "num_workers": 0,
                    "policy_id": "",
                    "runtime_engine": "",
                    "single_user_name": "",
                    "spark_conf": null,
                    "spark_env_vars": null,
                    "spark_version": "13.3.x-scala2.12",
                    "ssh_public_keys": null,
                    "workload_type": []
                  }
                ]
              }
            ],
            "library": [],
            "max_concurrent_runs": 4,
            "max_retries": 0,
            "min_retry_interval_millis": 0,
            "name": "[dev meera_karimpinakuzhiyil] databricks_bundle_job",
            "new_cluster": [],
            "notebook_task": [],
            "notification_settings": [],
            "parameter": [],
            "pipeline_task": [],
            "python_wheel_task": [],
            "queue": [],
            "retry_on_timeout": false,
            "run_as": [
              {
                "service_principal_name": "",
                "user_name": "meera.karimpinakuzhiyil@wuerth-it.com"
              }
            ],
            "run_job_task": [],
            "schedule": [
              {
                "pause_status": "PAUSED",
                "quartz_cron_expression": "44 37 8 * * ?",
                "timezone_id": "Europe/Amsterdam"
              }
            ],
            "spark_jar_task": [],
            "spark_python_task": [],
            "spark_submit_task": [],
            "tags": {
              "dev": "meera_karimpinakuzhiyil"
            },
            "task": [
              {
                "compute_key": "",
                "condition_task": [],
                "dbt_task": [],
                "depends_on": [
                  {
                    "outcome": "",
                    "task_key": "refresh_pipeline"
                  }
                ],
                "description": "",
                "email_notifications": [
                  {
                    "on_duration_warning_threshold_exceeded": [],
                    "on_failure": [],
                    "on_start": [],
                    "on_success": []
                  }
                ],
                "existing_cluster_id": "",
                "for_each_task": [],
                "health": [],
                "job_cluster_key": "job_cluster",
                "library": [],
                "max_retries": 0,
                "min_retry_interval_millis": 0,
                "new_cluster": [],
                "notebook_task": [],
                "notification_settings": [],
                "pipeline_task": [],
                "python_wheel_task": [
                  {
                    "entry_point": "main",
                    "named_parameters": {},
                    "package_name": "databricks_bundle",
                    "parameters": []
                  }
                ],
                "retry_on_timeout": false,
                "run_if": "ALL_SUCCESS",
                "run_job_task": [],
                "spark_jar_task": [],
                "spark_python_task": [],
                "spark_submit_task": [],
                "sql_task": [],
                "task_key": "main_task",
                "timeout_seconds": 0,
                "webhook_notifications": []
              },
              {
                "compute_key": "",
                "condition_task": [],
                "dbt_task": [],
                "depends_on": [],
                "description": "",
                "email_notifications": [
                  {
                    "on_duration_warning_threshold_exceeded": [],
                    "on_failure": [],
                    "on_start": [],
                    "on_success": []
                  }
                ],
                "existing_cluster_id": "",
                "for_each_task": [],
                "health": [],
                "job_cluster_key": "job_cluster",
                "library": [],
                "max_retries": 0,
                "min_retry_interval_millis": 0,
                "new_cluster": [],
                "notebook_task": [
                  {
                    "base_parameters": {},
                    "notebook_path": "/Users/meera.karimpinakuzhiyil@wuerth-it.com/.bundle/databricks_bundle/dev/files/src/notebook",
                    "source": "WORKSPACE"
                  }
                ],
                "notification_settings": [],
                "pipeline_task": [],
                "python_wheel_task": [],
                "retry_on_timeout": false,
                "run_if": "ALL_SUCCESS",
                "run_job_task": [],
                "spark_jar_task": [],
                "spark_python_task": [],
                "spark_submit_task": [],
                "sql_task": [],
                "task_key": "notebook_task",
                "timeout_seconds": 0,
                "webhook_notifications": []
              },
              {
                "compute_key": "",
                "condition_task": [],
                "dbt_task": [],
                "depends_on": [
                  {
                    "outcome": "",
                    "task_key": "notebook_task"
                  }
                ],
                "description": "",
                "email_notifications": [
                  {
                    "on_duration_warning_threshold_exceeded": [],
                    "on_failure": [],
                    "on_start": [],
                    "on_success": []
                  }
                ],
                "existing_cluster_id": "",
                "for_each_task": [],
                "health": [],
                "job_cluster_key": "",
                "library": [
                  {
                    "cran": [],
                    "egg": "",
                    "jar": "",
                    "maven": [],
                    "pypi": [],
                    "whl": "/Workspace/Users/meera.karimpinakuzhiyil@wuerth-it.com/.bundle/databricks_bundle/dev/artifacts/.internal/databricks_bundle-0.0.1+20240302.161801-py3-none-any.whl"
                  }
                ],
                "max_retries": 0,
                "min_retry_interval_millis": 0,
                "new_cluster": [],
                "notebook_task": [],
                "notification_settings": [],
                "pipeline_task": [
                  {
                    "full_refresh": false,
                    "pipeline_id": "52d25af1-2e1e-465f-853b-d1d6af4e3f67"
                  }
                ],
                "python_wheel_task": [],
                "retry_on_timeout": false,
                "run_if": "ALL_SUCCESS",
                "run_job_task": [],
                "spark_jar_task": [],
                "spark_python_task": [],
                "spark_submit_task": [],
                "sql_task": [],
                "task_key": "refresh_pipeline",
                "timeout_seconds": 0,
                "webhook_notifications": []
              }
            ],
            "timeout_seconds": 0,
            "timeouts": null,
            "trigger": [],
            "url": "https://dbc-d2884894-2ffa.cloud.databricks.com/#job/1046344172751693",
            "webhook_notifications": [
              {
                "on_duration_warning_threshold_exceeded": [],
                "on_failure": [],
                "on_start": [],
                "on_success": []
              }
            ]
          },
          "sensitive_attributes": [],
          "private": "eyJlMmJmYjczMC1lY2FhLTExZTYtOGY4OC0zNDM2M2JjN2M0YzAiOnsiY3JlYXRlIjoxODAwMDAwMDAwMDAwLCJ1cGRhdGUiOjE4MDAwMDAwMDAwMDB9LCJzY2hlbWFfdmVyc2lvbiI6IjIifQ==",
          "dependencies": [
            "databricks_pipeline.databricks_bundle_pipeline"
          ]
        }
      ]
    },
    {
      "mode": "managed",
      "type": "databricks_pipeline",
      "name": "databricks_bundle_pipeline",
      "provider": "provider[\"registry.terraform.io/databricks/databricks\"]",
      "instances": [
        {
          "schema_version": 0,
          "attributes": {
            "allow_duplicate_names": false,
            "catalog": null,
            "channel": "CURRENT",
            "cluster": [],
            "configuration": {
              "bundle.sourcePath": "/Workspace//Users/meera.karimpinakuzhiyil@wuerth-it.com/.bundle/databricks_bundle/dev/files/src"
            },
            "continuous": false,
            "development": true,
            "edition": "ADVANCED",
            "filters": [],
            "id": "52d25af1-2e1e-465f-853b-d1d6af4e3f67",
            "library": [
              {
                "file": [],
                "jar": "",
                "maven": [],
                "notebook": [
                  {
                    "path": "/Users/meera.karimpinakuzhiyil@wuerth-it.com/.bundle/databricks_bundle/dev/files/src/dlt_pipeline"
                  }
                ],
                "whl": ""
              }
            ],
            "name": "[dev meera_karimpinakuzhiyil] databricks_bundle_pipeline",
            "notification": [],
            "photon": false,
            "serverless": false,
            "storage": "dbfs:/pipelines/52d25af1-2e1e-465f-853b-d1d6af4e3f67",
            "target": "databricks_bundle_dev",
            "timeouts": null,
            "url": "https://dbc-d2884894-2ffa.cloud.databricks.com/#joblist/pipelines/52d25af1-2e1e-465f-853b-d1d6af4e3f67"
          },
          "sensitive_attributes": [],
          "private": "eyJlMmJmYjczMC1lY2FhLTExZTYtOGY4OC0zNDM2M2JjN2M0YzAiOnsiY3JlYXRlIjoxMjAwMDAwMDAwMDAwLCJkZWZhdWx0IjoxMjAwMDAwMDAwMDAwLCJkZWxldGUiOjEyMDAwMDAwMDAwMDAsInJlYWQiOjEyMDAwMDAwMDAwMDAsInVwZGF0ZSI6MTIwMDAwMDAwMDAwMH19"
        }
      ]
    }
  ],
  "check_results": null
}
